
Microsoft Visual Studio Solution File, Format Version 12.00
# Visual Studio Version 16
VisualStudioVersion = 16.0.32802.440
MinimumVisualStudioVersion = 10.0.40219.1
Project("{F184B08F-C81C-45F6-A57F-5ABD9991F28F}") = "CalculoIMC", "CalculoIMC\CalculoIMC.vbproj", "{DFE44AB6-8DE4-4340-ACDF-A51C4182C449}"
EndProject
Global
	GlobalSection(SolutionConfigurationPlatforms) = preSolution
		Debug|Any CPU = Debug|Any CPU
		Release|Any CPU = Release|Any CPU
	EndGlobalSection
	GlobalSection(ProjectConfigurationPlatforms) = postSolution
		{DFE44AB6-8DE4-4340-ACDF-A51C4182C449}.Debug|Any CPU.ActiveCfg = Debug|Any CPU
		{DFE44AB6-8DE4-4340-ACDF-A51C4182C449}.Debug|Any CPU.Build.0 = Debug|Any CPU
		{DFE44AB6-8DE4-4340-ACDF-A51C4182C449}.Release|Any CPU.ActiveCfg = Release|Any CPU
		{DFE44AB6-8DE4-4340-ACDF-A51C4182C449}.Release|Any CPU.Build.0 = Release|Any CPU
	EndGlobalSection
	GlobalSection(SolutionProperties) = preSolution
		HideSolutionNode = FALSE
	EndGlobalSection
	GlobalSection(ExtensibilityGlobals) = postSolution
		SolutionGuid = {8F1EF0D5-C613-4982-8A13-5F34196B114A}
	EndGlobalSection
EndGlobal
