
Microsoft Visual Studio Solution File, Format Version 12.00
# Visual Studio Version 16
VisualStudioVersion = 16.0.32802.440
MinimumVisualStudioVersion = 10.0.40219.1
Project("{F184B08F-C81C-45F6-A57F-5ABD9991F28F}") = "Comparar_Dados", "Comparar_Dados\Comparar_Dados.vbproj", "{17495702-0291-4547-BCE0-B8EDCAF7A5AC}"
EndProject
Global
	GlobalSection(SolutionConfigurationPlatforms) = preSolution
		Debug|Any CPU = Debug|Any CPU
		Release|Any CPU = Release|Any CPU
	EndGlobalSection
	GlobalSection(ProjectConfigurationPlatforms) = postSolution
		{17495702-0291-4547-BCE0-B8EDCAF7A5AC}.Debug|Any CPU.ActiveCfg = Debug|Any CPU
		{17495702-0291-4547-BCE0-B8EDCAF7A5AC}.Debug|Any CPU.Build.0 = Debug|Any CPU
		{17495702-0291-4547-BCE0-B8EDCAF7A5AC}.Release|Any CPU.ActiveCfg = Release|Any CPU
		{17495702-0291-4547-BCE0-B8EDCAF7A5AC}.Release|Any CPU.Build.0 = Release|Any CPU
	EndGlobalSection
	GlobalSection(SolutionProperties) = preSolution
		HideSolutionNode = FALSE
	EndGlobalSection
	GlobalSection(ExtensibilityGlobals) = postSolution
		SolutionGuid = {2EEA76EF-CF66-446B-9C3C-9A5F121579EA}
	EndGlobalSection
EndGlobal
